
Microsoft Visual Studio Solution File, Format Version 12.00
# Visual Studio Version 17
VisualStudioVersion = 17.11.35327.3
MinimumVisualStudioVersion = 10.0.40219.1
Project("{FAE04EC0-301F-11D3-BF4B-00C04F79EFBC}") = "API", "API.csproj", "{DF0F4FDB-9C2E-458F-BFC2-72215D2D5E46}"
EndProject
Project("{54A90642-561A-4BB1-A94E-469ADEE60C69}") = "APP", "..\APP\APP.esproj", "{12067027-BC80-481D-B83C-E76F37E5059D}"
EndProject
Global
	GlobalSection(SolutionConfigurationPlatforms) = preSolution
		Debug|Any CPU = Debug|Any CPU
		Release|Any CPU = Release|Any CPU
	EndGlobalSection
	GlobalSection(ProjectConfigurationPlatforms) = postSolution
		{DF0F4FDB-9C2E-458F-BFC2-72215D2D5E46}.Debug|Any CPU.ActiveCfg = Debug|Any CPU
		{DF0F4FDB-9C2E-458F-BFC2-72215D2D5E46}.Debug|Any CPU.Build.0 = Debug|Any CPU
		{DF0F4FDB-9C2E-458F-BFC2-72215D2D5E46}.Release|Any CPU.ActiveCfg = Release|Any CPU
		{DF0F4FDB-9C2E-458F-BFC2-72215D2D5E46}.Release|Any CPU.Build.0 = Release|Any CPU
		{12067027-BC80-481D-B83C-E76F37E5059D}.Debug|Any CPU.ActiveCfg = Debug|Any CPU
		{12067027-BC80-481D-B83C-E76F37E5059D}.Debug|Any CPU.Build.0 = Debug|Any CPU
		{12067027-BC80-481D-B83C-E76F37E5059D}.Debug|Any CPU.Deploy.0 = Debug|Any CPU
		{12067027-BC80-481D-B83C-E76F37E5059D}.Release|Any CPU.ActiveCfg = Release|Any CPU
		{12067027-BC80-481D-B83C-E76F37E5059D}.Release|Any CPU.Build.0 = Release|Any CPU
		{12067027-BC80-481D-B83C-E76F37E5059D}.Release|Any CPU.Deploy.0 = Release|Any CPU
	EndGlobalSection
	GlobalSection(SolutionProperties) = preSolution
		HideSolutionNode = FALSE
	EndGlobalSection
	GlobalSection(ExtensibilityGlobals) = postSolution
		SolutionGuid = {95904B68-0E5C-41FC-BF81-A415BEEC0BC5}
	EndGlobalSection
EndGlobal
